// !$*UTF8*$!
{
	archiveVersion = 1;
	classes = {
	};
	objectVersion = 50;
	objects = {

/* Begin PBXBuildFile section */
		EACE00E1246A97530004B768 /* AppDelegate.swift in Sources */ = {isa = PBXBuildFile; fileRef = EACE00E0246A97530004B768 /* AppDelegate.swift */; };
		EACE00E3246A97530004B768 /* SceneDelegate.swift in Sources */ = {isa = PBXBuildFile; fileRef = EACE00E2246A97530004B768 /* SceneDelegate.swift */; };
		EACE00E5246A97530004B768 /* WatchlistViewController.swift in Sources */ = {isa = PBXBuildFile; fileRef = EACE00E4246A97530004B768 /* WatchlistViewController.swift */; };
		EACE00E8246A97530004B768 /* Main.storyboard in Resources */ = {isa = PBXBuildFile; fileRef = EACE00E6246A97530004B768 /* Main.storyboard */; };
		EACE00EA246A97560004B768 /* Assets.xcassets in Resources */ = {isa = PBXBuildFile; fileRef = EACE00E9246A97560004B768 /* Assets.xcassets */; };
		EACE00ED246A97560004B768 /* LaunchScreen.storyboard in Resources */ = {isa = PBXBuildFile; fileRef = EACE00EB246A97560004B768 /* LaunchScreen.storyboard */; };
		EACE00F7246A9D340004B768 /* Stocks.xcdatamodeld in Sources */ = {isa = PBXBuildFile; fileRef = EACE00F5246A9D340004B768 /* Stocks.xcdatamodeld */; };
		EACE00FC246BE8870004B768 /* DataController.swift in Sources */ = {isa = PBXBuildFile; fileRef = EACE00FB246BE8870004B768 /* DataController.swift */; };
		EACE00FE246D27920004B768 /* StocksViewController.swift in Sources */ = {isa = PBXBuildFile; fileRef = EACE00FD246D27920004B768 /* StocksViewController.swift */; };
		EACE0100246E50010004B768 /* Stock+Extension.swift in Sources */ = {isa = PBXBuildFile; fileRef = EACE00FF246E50010004B768 /* Stock+Extension.swift */; };
/* End PBXBuildFile section */

/* Begin PBXFileReference section */
		EACE00DD246A97530004B768 /* Stocks.app */ = {isa = PBXFileReference; explicitFileType = wrapper.application; includeInIndex = 0; path = Stocks.app; sourceTree = BUILT_PRODUCTS_DIR; };
		EACE00E0246A97530004B768 /* AppDelegate.swift */ = {isa = PBXFileReference; lastKnownFileType = sourcecode.swift; path = AppDelegate.swift; sourceTree = "<group>"; };
		EACE00E2246A97530004B768 /* SceneDelegate.swift */ = {isa = PBXFileReference; lastKnownFileType = sourcecode.swift; path = SceneDelegate.swift; sourceTree = "<group>"; };
		EACE00E4246A97530004B768 /* WatchlistViewController.swift */ = {isa = PBXFileReference; lastKnownFileType = sourcecode.swift; path = WatchlistViewController.swift; sourceTree = "<group>"; };
		EACE00E7246A97530004B768 /* Base */ = {isa = PBXFileReference; lastKnownFileType = file.storyboard; name = Base; path = Base.lproj/Main.storyboard; sourceTree = "<group>"; };
		EACE00E9246A97560004B768 /* Assets.xcassets */ = {isa = PBXFileReference; lastKnownFileType = folder.assetcatalog; path = Assets.xcassets; sourceTree = "<group>"; };
		EACE00EC246A97560004B768 /* Base */ = {isa = PBXFileReference; lastKnownFileType = file.storyboard; name = Base; path = Base.lproj/LaunchScreen.storyboard; sourceTree = "<group>"; };
		EACE00EE246A97560004B768 /* Info.plist */ = {isa = PBXFileReference; lastKnownFileType = text.plist.xml; path = Info.plist; sourceTree = "<group>"; };
		EACE00F6246A9D340004B768 /* Stocks.xcdatamodel */ = {isa = PBXFileReference; lastKnownFileType = wrapper.xcdatamodel; path = Stocks.xcdatamodel; sourceTree = "<group>"; };
		EACE00FB246BE8870004B768 /* DataController.swift */ = {isa = PBXFileReference; lastKnownFileType = sourcecode.swift; path = DataController.swift; sourceTree = "<group>"; };
		EACE00FD246D27920004B768 /* StocksViewController.swift */ = {isa = PBXFileReference; lastKnownFileType = sourcecode.swift; path = StocksViewController.swift; sourceTree = "<group>"; };
		EACE00FF246E50010004B768 /* Stock+Extension.swift */ = {isa = PBXFileReference; lastKnownFileType = sourcecode.swift; path = "Stock+Extension.swift"; sourceTree = "<group>"; };
/* End PBXFileReference section */

/* Begin PBXFrameworksBuildPhase section */
		EACE00DA246A97530004B768 /* Frameworks */ = {
			isa = PBXFrameworksBuildPhase;
			buildActionMask = 2147483647;
			files = (
			);
			runOnlyForDeploymentPostprocessing = 0;
		};
/* End PBXFrameworksBuildPhase section */

/* Begin PBXGroup section */
		EACE00D4246A97530004B768 = {
			isa = PBXGroup;
			children = (
				EACE00DF246A97530004B768 /* Stocks */,
				EACE00DE246A97530004B768 /* Products */,
			);
			sourceTree = "<group>";
		};
		EACE00DE246A97530004B768 /* Products */ = {
			isa = PBXGroup;
			children = (
				EACE00DD246A97530004B768 /* Stocks.app */,
			);
			name = Products;
			sourceTree = "<group>";
		};
		EACE00DF246A97530004B768 /* Stocks */ = {
			isa = PBXGroup;
			children = (
				EACE00FA246BCEC30004B768 /* Assets */,
				EACE00F4246A9C680004B768 /* Model */,
				EACE00F9246BCEA10004B768 /* View */,
				EACE00F8246BCD2B0004B768 /* Controller */,
				EACE00E0246A97530004B768 /* AppDelegate.swift */,
				EACE00E2246A97530004B768 /* SceneDelegate.swift */,
				EACE00EE246A97560004B768 /* Info.plist */,
			);
			path = Stocks;
			sourceTree = "<group>";
		};
		EACE00F4246A9C680004B768 /* Model */ = {
			isa = PBXGroup;
			children = (
				EACE00F5246A9D340004B768 /* Stocks.xcdatamodeld */,
				EACE00FB246BE8870004B768 /* DataController.swift */,
				EACE00FF246E50010004B768 /* Stock+Extension.swift */,
			);
			path = Model;
			sourceTree = "<group>";
		};
		EACE00F8246BCD2B0004B768 /* Controller */ = {
			isa = PBXGroup;
			children = (
				EACE00E4246A97530004B768 /* WatchlistViewController.swift */,
				EACE00FD246D27920004B768 /* StocksViewController.swift */,
			);
			path = Controller;
			sourceTree = "<group>";
		};
		EACE00F9246BCEA10004B768 /* View */ = {
			isa = PBXGroup;
			children = (
				EACE00E6246A97530004B768 /* Main.storyboard */,
				EACE00EB246A97560004B768 /* LaunchScreen.storyboard */,
			);
			path = View;
			sourceTree = "<group>";
		};
		EACE00FA246BCEC30004B768 /* Assets */ = {
			isa = PBXGroup;
			children = (
				EACE00E9246A97560004B768 /* Assets.xcassets */,
			);
			path = Assets;
			sourceTree = "<group>";
		};
/* End PBXGroup section */

/* Begin PBXNativeTarget section */
		EACE00DC246A97530004B768 /* Stocks */ = {
			isa = PBXNativeTarget;
			buildConfigurationList = EACE00F1246A97560004B768 /* Build configuration list for PBXNativeTarget "Stocks" */;
			buildPhases = (
				EACE00D9246A97530004B768 /* Sources */,
				EACE00DA246A97530004B768 /* Frameworks */,
				EACE00DB246A97530004B768 /* Resources */,
			);
			buildRules = (
			);
			dependencies = (
			);
			name = Stocks;
			productName = Stocks;
			productReference = EACE00DD246A97530004B768 /* Stocks.app */;
			productType = "com.apple.product-type.application";
		};
/* End PBXNativeTarget section */

/* Begin PBXProject section */
		EACE00D5246A97530004B768 /* Project object */ = {
			isa = PBXProject;
			attributes = {
				LastSwiftUpdateCheck = 1140;
				LastUpgradeCheck = 1140;
				ORGANIZATIONNAME = "ViewModel Software";
				TargetAttributes = {
					EACE00DC246A97530004B768 = {
						CreatedOnToolsVersion = 11.4.1;
					};
				};
			};
			buildConfigurationList = EACE00D8246A97530004B768 /* Build configuration list for PBXProject "Stocks" */;
			compatibilityVersion = "Xcode 9.3";
			developmentRegion = en;
			hasScannedForEncodings = 0;
			knownRegions = (
				en,
				Base,
			);
			mainGroup = EACE00D4246A97530004B768;
			productRefGroup = EACE00DE246A97530004B768 /* Products */;
			projectDirPath = "";
			projectRoot = "";
			targets = (
				EACE00DC246A97530004B768 /* Stocks */,
			);
		};
/* End PBXProject section */

/* Begin PBXResourcesBuildPhase section */
		EACE00DB246A97530004B768 /* Resources */ = {
			isa = PBXResourcesBuildPhase;
			buildActionMask = 2147483647;
			files = (
				EACE00ED246A97560004B768 /* LaunchScreen.storyboard in Resources */,
				EACE00EA246A97560004B768 /* Assets.xcassets in Resources */,
				EACE00E8246A97530004B768 /* Main.storyboard in Resources */,
			);
			runOnlyForDeploymentPostprocessing = 0;
		};
/* End PBXResourcesBuildPhase section */

/* Begin PBXSourcesBuildPhase section */
		EACE00D9246A97530004B768 /* Sources */ = {
			isa = PBXSourcesBuildPhase;
			buildActionMask = 2147483647;
			files = (
				EACE00FC246BE8870004B768 /* DataController.swift in Sources */,
				EACE00E5246A97530004B768 /* WatchlistViewController.swift in Sources */,
				EACE00E1246A97530004B768 /* AppDelegate.swift in Sources */,
				EACE00FE246D27920004B768 /* StocksViewController.swift in Sources */,
				EACE00F7246A9D340004B768 /* Stocks.xcdatamodeld in Sources */,
				EACE00E3246A97530004B768 /* SceneDelegate.swift in Sources */,
				EACE0100246E50010004B768 /* Stock+Extension.swift in Sources */,
			);
			runOnlyForDeploymentPostprocessing = 0;
		};
/* End PBXSourcesBuildPhase section */

/* Begin PBXVariantGroup section */
		EACE00E6246A97530004B768 /* Main.storyboard */ = {
			isa = PBXVariantGroup;
			children = (
				EACE00E7246A97530004B768 /* Base */,
			);
			name = Main.storyboard;
			sourceTree = "<group>";
		};
		EACE00EB246A97560004B768 /* LaunchScreen.storyboard */ = {
			isa = PBXVariantGroup;
			children = (
				EACE00EC246A97560004B768 /* Base */,
			);
			name = LaunchScreen.storyboard;
			sourceTree = "<group>";
		};
/* End PBXVariantGroup section */

/* Begin XCBuildConfiguration section */
		EACE00EF246A97560004B768 /* Debug */ = {
			isa = XCBuildConfiguration;
			buildSettings = {
				ALWAYS_SEARCH_USER_PATHS = NO;
				CLANG_ANALYZER_NONNULL = YES;
				CLANG_ANALYZER_NUMBER_OBJECT_CONVERSION = YES_AGGRESSIVE;
				CLANG_CXX_LANGUAGE_STANDARD = "gnu++14";
				CLANG_CXX_LIBRARY = "libc++";
				CLANG_ENABLE_MODULES = YES;
				CLANG_ENABLE_OBJC_ARC = YES;
				CLANG_ENABLE_OBJC_WEAK = YES;
				CLANG_WARN_BLOCK_CAPTURE_AUTORELEASING = YES;
				CLANG_WARN_BOOL_CONVERSION = YES;
				CLANG_WARN_COMMA = YES;
				CLANG_WARN_CONSTANT_CONVERSION = YES;
				CLANG_WARN_DEPRECATED_OBJC_IMPLEMENTATIONS = YES;
				CLANG_WARN_DIRECT_OBJC_ISA_USAGE = YES_ERROR;
				CLANG_WARN_DOCUMENTATION_COMMENTS = YES;
				CLANG_WARN_EMPTY_BODY = YES;
				CLANG_WARN_ENUM_CONVERSION = YES;
				CLANG_WARN_INFINITE_RECURSION = YES;
				CLANG_WARN_INT_CONVERSION = YES;
				CLANG_WARN_NON_LITERAL_NULL_CONVERSION = YES;
				CLANG_WARN_OBJC_IMPLICIT_RETAIN_SELF = YES;
				CLANG_WARN_OBJC_LITERAL_CONVERSION = YES;
				CLANG_WARN_OBJC_ROOT_CLASS = YES_ERROR;
				CLANG_WARN_RANGE_LOOP_ANALYSIS = YES;
				CLANG_WARN_STRICT_PROTOTYPES = YES;
				CLANG_WARN_SUSPICIOUS_MOVE = YES;
				CLANG_WARN_UNGUARDED_AVAILABILITY = YES_AGGRESSIVE;
				CLANG_WARN_UNREACHABLE_CODE = YES;
				CLANG_WARN__DUPLICATE_METHOD_MATCH = YES;
				COPY_PHASE_STRIP = NO;
				DEBUG_INFORMATION_FORMAT = dwarf;
				ENABLE_STRICT_OBJC_MSGSEND = YES;
				ENABLE_TESTABILITY = YES;
				GCC_C_LANGUAGE_STANDARD = gnu11;
				GCC_DYNAMIC_NO_PIC = NO;
				GCC_NO_COMMON_BLOCKS = YES;
				GCC_OPTIMIZATION_LEVEL = 0;
				GCC_PREPROCESSOR_DEFINITIONS = (
					"DEBUG=1",
					"$(inherited)",
				);
				GCC_WARN_64_TO_32_BIT_CONVERSION = YES;
				GCC_WARN_ABOUT_RETURN_TYPE = YES_ERROR;
				GCC_WARN_UNDECLARED_SELECTOR = YES;
				GCC_WARN_UNINITIALIZED_AUTOS = YES_AGGRESSIVE;
				GCC_WARN_UNUSED_FUNCTION = YES;
				GCC_WARN_UNUSED_VARIABLE = YES;
				IPHONEOS_DEPLOYMENT_TARGET = 13.4;
				MTL_ENABLE_DEBUG_INFO = INCLUDE_SOURCE;
				MTL_FAST_MATH = YES;
				ONLY_ACTIVE_ARCH = YES;
				SDKROOT = iphoneos;
				SWIFT_ACTIVE_COMPILATION_CONDITIONS = DEBUG;
				SWIFT_OPTIMIZATION_LEVEL = "-Onone";
			};
			name = Debug;
		};
		EACE00F0246A97560004B768 /* Release */ = {
			isa = XCBuildConfiguration;
			buildSettings = {
				ALWAYS_SEARCH_USER_PATHS = NO;
				CLANG_ANALYZER_NONNULL = YES;
				CLANG_ANALYZER_NUMBER_OBJECT_CONVERSION = YES_AGGRESSIVE;
				CLANG_CXX_LANGUAGE_STANDARD = "gnu++14";
				CLANG_CXX_LIBRARY = "libc++";
				CLANG_ENABLE_MODULES = YES;
				CLANG_ENABLE_OBJC_ARC = YES;
				CLANG_ENABLE_OBJC_WEAK = YES;
				CLANG_WARN_BLOCK_CAPTURE_AUTORELEASING = YES;
				CLANG_WARN_BOOL_CONVERSION = YES;
				CLANG_WARN_COMMA = YES;
				CLANG_WARN_CONSTANT_CONVERSION = YES;
				CLANG_WARN_DEPRECATED_OBJC_IMPLEMENTATIONS = YES;
				CLANG_WARN_DIRECT_OBJC_ISA_USAGE = YES_ERROR;
				CLANG_WARN_DOCUMENTATION_COMMENTS = YES;
				CLANG_WARN_EMPTY_BODY = YES;
				CLANG_WARN_ENUM_CONVERSION = YES;
				CLANG_WARN_INFINITE_RECURSION = YES;
				CLANG_WARN_INT_CONVERSION = YES;
				CLANG_WARN_NON_LITERAL_NULL_CONVERSION = YES;
				CLANG_WARN_OBJC_IMPLICIT_RETAIN_SELF = YES;
				CLANG_WARN_OBJC_LITERAL_CONVERSION = YES;
				CLANG_WARN_OBJC_ROOT_CLASS = YES_ERROR;
				CLANG_WARN_RANGE_LOOP_ANALYSIS = YES;
				CLANG_WARN_STRICT_PROTOTYPES = YES;
				CLANG_WARN_SUSPICIOUS_MOVE = YES;
				CLANG_WARN_UNGUARDED_AVAILABILITY = YES_AGGRESSIVE;
				CLANG_WARN_UNREACHABLE_CODE = YES;
				CLANG_WARN__DUPLICATE_METHOD_MATCH = YES;
				COPY_PHASE_STRIP = NO;
				DEBUG_INFORMATION_FORMAT = "dwarf-with-dsym";
				ENABLE_NS_ASSERTIONS = NO;
				ENABLE_STRICT_OBJC_MSGSEND = YES;
				GCC_C_LANGUAGE_STANDARD = gnu11;
				GCC_NO_COMMON_BLOCKS = YES;
				GCC_WARN_64_TO_32_BIT_CONVERSION = YES;
				GCC_WARN_ABOUT_RETURN_TYPE = YES_ERROR;
				GCC_WARN_UNDECLARED_SELECTOR = YES;
				GCC_WARN_UNINITIALIZED_AUTOS = YES_AGGRESSIVE;
				GCC_WARN_UNUSED_FUNCTION = YES;
				GCC_WARN_UNUSED_VARIABLE = YES;
				IPHONEOS_DEPLOYMENT_TARGET = 13.4;
				MTL_ENABLE_DEBUG_INFO = NO;
				MTL_FAST_MATH = YES;
				SDKROOT = iphoneos;
				SWIFT_COMPILATION_MODE = wholemodule;
				SWIFT_OPTIMIZATION_LEVEL = "-O";
				VALIDATE_PRODUCT = YES;
			};
			name = Release;
		};
		EACE00F2246A97560004B768 /* Debug */ = {
			isa = XCBuildConfiguration;
			buildSettings = {
				ASSETCATALOG_COMPILER_APPICON_NAME = AppIcon;
				CODE_SIGN_STYLE = Automatic;
				INFOPLIST_FILE = Stocks/Info.plist;
				LD_RUNPATH_SEARCH_PATHS = (
					"$(inherited)",
					"@executable_path/Frameworks",
				);
				PRODUCT_BUNDLE_IDENTIFIER = net.viewmodel.Stocks;
				PRODUCT_NAME = "$(TARGET_NAME)";
				SWIFT_VERSION = 5.0;
				TARGETED_DEVICE_FAMILY = "1,2";
			};
			name = Debug;
		};
		EACE00F3246A97560004B768 /* Release */ = {
			isa = XCBuildConfiguration;
			buildSettings = {
				ASSETCATALOG_COMPILER_APPICON_NAME = AppIcon;
				CODE_SIGN_STYLE = Automatic;
				INFOPLIST_FILE = Stocks/Info.plist;
				LD_RUNPATH_SEARCH_PATHS = (
					"$(inherited)",
					"@executable_path/Frameworks",
				);
				PRODUCT_BUNDLE_IDENTIFIER = net.viewmodel.Stocks;
				PRODUCT_NAME = "$(TARGET_NAME)";
				SWIFT_VERSION = 5.0;
				TARGETED_DEVICE_FAMILY = "1,2";
			};
			name = Release;
		};
/* End XCBuildConfiguration section */

/* Begin XCConfigurationList section */
		EACE00D8246A97530004B768 /* Build configuration list for PBXProject "Stocks" */ = {
			isa = XCConfigurationList;
			buildConfigurations = (
				EACE00EF246A97560004B768 /* Debug */,
				EACE00F0246A97560004B768 /* Release */,
			);
			defaultConfigurationIsVisible = 0;
			defaultConfigurationName = Release;
		};
		EACE00F1246A97560004B768 /* Build configuration list for PBXNativeTarget "Stocks" */ = {
			isa = XCConfigurationList;
			buildConfigurations = (
				EACE00F2246A97560004B768 /* Debug */,
				EACE00F3246A97560004B768 /* Release */,
			);
			defaultConfigurationIsVisible = 0;
			defaultConfigurationName = Release;
		};
/* End XCConfigurationList section */

/* Begin XCVersionGroup section */
		EACE00F5246A9D340004B768 /* Stocks.xcdatamodeld */ = {
			isa = XCVersionGroup;
			children = (
				EACE00F6246A9D340004B768 /* Stocks.xcdatamodel */,
			);
			currentVersion = EACE00F6246A9D340004B768 /* Stocks.xcdatamodel */;
			path = Stocks.xcdatamodeld;
			sourceTree = "<group>";
			versionGroupType = wrapper.xcdatamodel;
		};
/* End XCVersionGroup section */
	};
	rootObject = EACE00D5246A97530004B768 /* Project object */;
}
